
Microsoft Visual Studio Solution File, Format Version 11.00
# Visual Studio 2010
Project("{FAE04EC0-301F-11D3-BF4B-00C04F79EFBC}") = "myWebSite", "myWebSite\myWebSite.csproj", "{F555C94B-C297-439E-A2A9-E5D645A624A9}"
EndProject
Global
	GlobalSection(SolutionConfigurationPlatforms) = preSolution
		Debug|Any CPU = Debug|Any CPU
		Release|Any CPU = Release|Any CPU
	EndGlobalSection
	GlobalSection(ProjectConfigurationPlatforms) = postSolution
		{F555C94B-C297-439E-A2A9-E5D645A624A9}.Debug|Any CPU.ActiveCfg = Debug|Any CPU
		{F555C94B-C297-439E-A2A9-E5D645A624A9}.Debug|Any CPU.Build.0 = Debug|Any CPU
		{F555C94B-C297-439E-A2A9-E5D645A624A9}.Release|Any CPU.ActiveCfg = Release|Any CPU
		{F555C94B-C297-439E-A2A9-E5D645A624A9}.Release|Any CPU.Build.0 = Release|Any CPU
	EndGlobalSection
	GlobalSection(SolutionProperties) = preSolution
		HideSolutionNode = FALSE
	EndGlobalSection
EndGlobal
